
Microsoft Visual Studio Solution File, Format Version 12.00
# Visual Studio Version 17
VisualStudioVersion = 17.6.33723.286
MinimumVisualStudioVersion = 10.0.40219.1
Project("{2150E333-8FDC-42A3-9474-1A3956D46DE8}") = "Common", "Common", "{88B779BD-BE05-41A6-A305-6A0197994178}"
EndProject
Project("{2150E333-8FDC-42A3-9474-1A3956D46DE8}") = "Core", "Core", "{58BB0E29-AB9F-45ED-872B-D5932A5DE4AA}"
EndProject
Project("{2150E333-8FDC-42A3-9474-1A3956D46DE8}") = "Infrastructure", "Infrastructure", "{9D559DC7-5086-40BD-A83D-9A6B21C1359A}"
EndProject
Project("{2150E333-8FDC-42A3-9474-1A3956D46DE8}") = "Src", "Src", "{7CF01F80-99FD-4F30-981F-2A0E6BA180C0}"
EndProject
Project("{2150E333-8FDC-42A3-9474-1A3956D46DE8}") = "Presentation", "Presentation", "{4C4A319E-B410-41A1-AD05-39332004E702}"
EndProject
Project("{FAE04EC0-301F-11D3-BF4B-00C04F79EFBC}") = "Ebtdaa.Common", "Src\Common\Ebtdaa.Common\Ebtdaa.Common.csproj", "{8C0BD7E3-5F3E-418A-B6BC-4789CD29321B}"
EndProject
Project("{FAE04EC0-301F-11D3-BF4B-00C04F79EFBC}") = "Ebtdaa.Domain", "Src\Core\Ebtdaa.Domain\Ebtdaa.Domain.csproj", "{A7E8D805-1D41-4247-A083-36A9F2C41CA5}"
EndProject
Project("{FAE04EC0-301F-11D3-BF4B-00C04F79EFBC}") = "Ebtdaa.Application", "Src\Core\Ebtdaa.Application\Ebtdaa.Application.csproj", "{E36B2E3F-94FC-4A7E-B10A-B317FEAFB210}"
EndProject
Project("{FAE04EC0-301F-11D3-BF4B-00C04F79EFBC}") = "Ebtdaa.Persistence", "Src\Infrastructure\Ebtdaa.Persistence\Ebtdaa.Persistence.csproj", "{D7708334-D751-45B1-B739-975CCCB39D52}"
EndProject
Project("{FAE04EC0-301F-11D3-BF4B-00C04F79EFBC}") = "Ebtdaa.WebApi", "Src\Presentation\Ebtdaa.WebApi\Ebtdaa.WebApi.csproj", "{A3A134BA-7A54-4889-8DDC-5449817D6DC9}"
EndProject
Global
	GlobalSection(SolutionConfigurationPlatforms) = preSolution
		Debug|Any CPU = Debug|Any CPU
		Release|Any CPU = Release|Any CPU
	EndGlobalSection
	GlobalSection(ProjectConfigurationPlatforms) = postSolution
		{8C0BD7E3-5F3E-418A-B6BC-4789CD29321B}.Debug|Any CPU.ActiveCfg = Debug|Any CPU
		{8C0BD7E3-5F3E-418A-B6BC-4789CD29321B}.Debug|Any CPU.Build.0 = Debug|Any CPU
		{8C0BD7E3-5F3E-418A-B6BC-4789CD29321B}.Release|Any CPU.ActiveCfg = Release|Any CPU
		{8C0BD7E3-5F3E-418A-B6BC-4789CD29321B}.Release|Any CPU.Build.0 = Release|Any CPU
		{A7E8D805-1D41-4247-A083-36A9F2C41CA5}.Debug|Any CPU.ActiveCfg = Debug|Any CPU
		{A7E8D805-1D41-4247-A083-36A9F2C41CA5}.Debug|Any CPU.Build.0 = Debug|Any CPU
		{A7E8D805-1D41-4247-A083-36A9F2C41CA5}.Release|Any CPU.ActiveCfg = Release|Any CPU
		{A7E8D805-1D41-4247-A083-36A9F2C41CA5}.Release|Any CPU.Build.0 = Release|Any CPU
		{E36B2E3F-94FC-4A7E-B10A-B317FEAFB210}.Debug|Any CPU.ActiveCfg = Debug|Any CPU
		{E36B2E3F-94FC-4A7E-B10A-B317FEAFB210}.Debug|Any CPU.Build.0 = Debug|Any CPU
		{E36B2E3F-94FC-4A7E-B10A-B317FEAFB210}.Release|Any CPU.ActiveCfg = Release|Any CPU
		{E36B2E3F-94FC-4A7E-B10A-B317FEAFB210}.Release|Any CPU.Build.0 = Release|Any CPU
		{D7708334-D751-45B1-B739-975CCCB39D52}.Debug|Any CPU.ActiveCfg = Debug|Any CPU
		{D7708334-D751-45B1-B739-975CCCB39D52}.Debug|Any CPU.Build.0 = Debug|Any CPU
		{D7708334-D751-45B1-B739-975CCCB39D52}.Release|Any CPU.ActiveCfg = Release|Any CPU
		{D7708334-D751-45B1-B739-975CCCB39D52}.Release|Any CPU.Build.0 = Release|Any CPU
		{A3A134BA-7A54-4889-8DDC-5449817D6DC9}.Debug|Any CPU.ActiveCfg = Debug|Any CPU
		{A3A134BA-7A54-4889-8DDC-5449817D6DC9}.Debug|Any CPU.Build.0 = Debug|Any CPU
		{A3A134BA-7A54-4889-8DDC-5449817D6DC9}.Release|Any CPU.ActiveCfg = Release|Any CPU
		{A3A134BA-7A54-4889-8DDC-5449817D6DC9}.Release|Any CPU.Build.0 = Release|Any CPU
	EndGlobalSection
	GlobalSection(SolutionProperties) = preSolution
		HideSolutionNode = FALSE
	EndGlobalSection
	GlobalSection(NestedProjects) = preSolution
		{88B779BD-BE05-41A6-A305-6A0197994178} = {7CF01F80-99FD-4F30-981F-2A0E6BA180C0}
		{58BB0E29-AB9F-45ED-872B-D5932A5DE4AA} = {7CF01F80-99FD-4F30-981F-2A0E6BA180C0}
		{9D559DC7-5086-40BD-A83D-9A6B21C1359A} = {7CF01F80-99FD-4F30-981F-2A0E6BA180C0}
		{4C4A319E-B410-41A1-AD05-39332004E702} = {7CF01F80-99FD-4F30-981F-2A0E6BA180C0}
		{8C0BD7E3-5F3E-418A-B6BC-4789CD29321B} = {88B779BD-BE05-41A6-A305-6A0197994178}
		{A7E8D805-1D41-4247-A083-36A9F2C41CA5} = {58BB0E29-AB9F-45ED-872B-D5932A5DE4AA}
		{E36B2E3F-94FC-4A7E-B10A-B317FEAFB210} = {58BB0E29-AB9F-45ED-872B-D5932A5DE4AA}
		{D7708334-D751-45B1-B739-975CCCB39D52} = {9D559DC7-5086-40BD-A83D-9A6B21C1359A}
		{A3A134BA-7A54-4889-8DDC-5449817D6DC9} = {4C4A319E-B410-41A1-AD05-39332004E702}
	EndGlobalSection
	GlobalSection(ExtensibilityGlobals) = postSolution
		SolutionGuid = {09F57C05-AFBC-466C-BD48-13A7AFF19720}
	EndGlobalSection
EndGlobal
